
Microsoft Visual Studio Solution File, Format Version 12.00
# Visual Studio Version 17
VisualStudioVersion = 17.3.32929.385
MinimumVisualStudioVersion = 10.0.40219.1
Project("{9A19103F-16F7-4668-BE54-9A1E7A4F7556}") = "DeLaSalle.Ecommerce.Api", "DeLaSalle.Ecommerce.Api\DeLaSalle.Ecommerce.Api.csproj", "{FBF11F34-87E8-4D61-AE09-68149629440A}"
EndProject
Project("{9A19103F-16F7-4668-BE54-9A1E7A4F7556}") = "DeLaSalle.Ecommerce.Core", "DeLaSalle.Ecommerce.Core\DeLaSalle.Ecommerce.Core.csproj", "{B7EA14CA-A1CB-49D3-94FF-3B07D73DA0D6}"
EndProject
Project("{9A19103F-16F7-4668-BE54-9A1E7A4F7556}") = "DeLaSalle.Ecommerce.BlazorApp1", "DeLaSalle.Ecommerce.BlazorApp1\DeLaSalle.Ecommerce.BlazorApp1.csproj", "{44573F9B-63AF-4D05-BBA1-F5AEFCBBBF0E}"
EndProject
Project("{9A19103F-16F7-4668-BE54-9A1E7A4F7556}") = "DeLaSalle.Ecommerce.WebApplication", "DeLaSalle.Ecommerce.WebApplication\DeLaSalle.Ecommerce.WebApplication.csproj", "{1DFC8740-1768-4BFA-8E42-027E55DF5FF5}"
EndProject
Global
	GlobalSection(SolutionConfigurationPlatforms) = preSolution
		Debug|Any CPU = Debug|Any CPU
		Release|Any CPU = Release|Any CPU
	EndGlobalSection
	GlobalSection(ProjectConfigurationPlatforms) = postSolution
		{FBF11F34-87E8-4D61-AE09-68149629440A}.Debug|Any CPU.ActiveCfg = Debug|Any CPU
		{FBF11F34-87E8-4D61-AE09-68149629440A}.Debug|Any CPU.Build.0 = Debug|Any CPU
		{FBF11F34-87E8-4D61-AE09-68149629440A}.Release|Any CPU.ActiveCfg = Release|Any CPU
		{FBF11F34-87E8-4D61-AE09-68149629440A}.Release|Any CPU.Build.0 = Release|Any CPU
		{B7EA14CA-A1CB-49D3-94FF-3B07D73DA0D6}.Debug|Any CPU.ActiveCfg = Debug|Any CPU
		{B7EA14CA-A1CB-49D3-94FF-3B07D73DA0D6}.Debug|Any CPU.Build.0 = Debug|Any CPU
		{B7EA14CA-A1CB-49D3-94FF-3B07D73DA0D6}.Release|Any CPU.ActiveCfg = Release|Any CPU
		{B7EA14CA-A1CB-49D3-94FF-3B07D73DA0D6}.Release|Any CPU.Build.0 = Release|Any CPU
		{44573F9B-63AF-4D05-BBA1-F5AEFCBBBF0E}.Debug|Any CPU.ActiveCfg = Debug|Any CPU
		{44573F9B-63AF-4D05-BBA1-F5AEFCBBBF0E}.Debug|Any CPU.Build.0 = Debug|Any CPU
		{44573F9B-63AF-4D05-BBA1-F5AEFCBBBF0E}.Release|Any CPU.ActiveCfg = Release|Any CPU
		{44573F9B-63AF-4D05-BBA1-F5AEFCBBBF0E}.Release|Any CPU.Build.0 = Release|Any CPU
		{1DFC8740-1768-4BFA-8E42-027E55DF5FF5}.Debug|Any CPU.ActiveCfg = Debug|Any CPU
		{1DFC8740-1768-4BFA-8E42-027E55DF5FF5}.Debug|Any CPU.Build.0 = Debug|Any CPU
		{1DFC8740-1768-4BFA-8E42-027E55DF5FF5}.Release|Any CPU.ActiveCfg = Release|Any CPU
		{1DFC8740-1768-4BFA-8E42-027E55DF5FF5}.Release|Any CPU.Build.0 = Release|Any CPU
	EndGlobalSection
	GlobalSection(SolutionProperties) = preSolution
		HideSolutionNode = FALSE
	EndGlobalSection
	GlobalSection(ExtensibilityGlobals) = postSolution
		SolutionGuid = {52D71FC4-38A5-4437-91C8-8C3B211B4AD6}
	EndGlobalSection
EndGlobal
